
Microsoft Visual Studio Solution File, Format Version 12.00
# Visual Studio Version 16
VisualStudioVersion = 16.0.30002.166
MinimumVisualStudioVersion = 10.0.40219.1
Project("{FAE04EC0-301F-11D3-BF4B-00C04F79EFBC}") = "Test02", "Test02\Test02.csproj", "{0122C706-467E-4D57-982B-5C84F23CDEF8}"
EndProject
Global
	GlobalSection(SolutionConfigurationPlatforms) = preSolution
		Debug|Any CPU = Debug|Any CPU
		Release|Any CPU = Release|Any CPU
	EndGlobalSection
	GlobalSection(ProjectConfigurationPlatforms) = postSolution
		{0122C706-467E-4D57-982B-5C84F23CDEF8}.Debug|Any CPU.ActiveCfg = Debug|Any CPU
		{0122C706-467E-4D57-982B-5C84F23CDEF8}.Debug|Any CPU.Build.0 = Debug|Any CPU
		{0122C706-467E-4D57-982B-5C84F23CDEF8}.Release|Any CPU.ActiveCfg = Release|Any CPU
		{0122C706-467E-4D57-982B-5C84F23CDEF8}.Release|Any CPU.Build.0 = Release|Any CPU
	EndGlobalSection
	GlobalSection(SolutionProperties) = preSolution
		HideSolutionNode = FALSE
	EndGlobalSection
	GlobalSection(ExtensibilityGlobals) = postSolution
		SolutionGuid = {5EB9A6D6-741B-4707-AD9C-9CA1226DF57A}
	EndGlobalSection
EndGlobal
